
Microsoft Visual Studio Solution File, Format Version 12.00
# Visual Studio Version 16
VisualStudioVersion = 16.0.29209.62
MinimumVisualStudioVersion = 10.0.40219.1
Project("{FAE04EC0-301F-11D3-BF4B-00C04F79EFBC}") = "DotnetConfig.Override", "DotnetConfig.Override\DotnetConfig.Override.csproj", "{1194CF69-F7B1-4462-9546-144DC723E3EB}"
EndProject
Global
	GlobalSection(SolutionConfigurationPlatforms) = preSolution
		Debug|Any CPU = Debug|Any CPU
		Release|Any CPU = Release|Any CPU
	EndGlobalSection
	GlobalSection(ProjectConfigurationPlatforms) = postSolution
		{1194CF69-F7B1-4462-9546-144DC723E3EB}.Debug|Any CPU.ActiveCfg = Debug|Any CPU
		{1194CF69-F7B1-4462-9546-144DC723E3EB}.Debug|Any CPU.Build.0 = Debug|Any CPU
		{1194CF69-F7B1-4462-9546-144DC723E3EB}.Release|Any CPU.ActiveCfg = Release|Any CPU
		{1194CF69-F7B1-4462-9546-144DC723E3EB}.Release|Any CPU.Build.0 = Release|Any CPU
	EndGlobalSection
	GlobalSection(SolutionProperties) = preSolution
		HideSolutionNode = FALSE
	EndGlobalSection
	GlobalSection(ExtensibilityGlobals) = postSolution
		SolutionGuid = {DC87DCFE-ECE4-46EA-B805-5885C402D0A2}
	EndGlobalSection
EndGlobal
